
Microsoft Visual Studio Solution File, Format Version 12.00
Project("{FAE04EC0-301F-11D3-BF4B-00C04F79EFBC}") = "MoviesLibrary", "MoviesLibrary\MoviesLibrary.csproj", "{AA40BAC9-ED56-401C-A8D2-2C1697A5897C}"
EndProject
Global
	GlobalSection(SolutionConfigurationPlatforms) = preSolution
		Debug|Any CPU = Debug|Any CPU
		Release|Any CPU = Release|Any CPU
	EndGlobalSection
	GlobalSection(ProjectConfigurationPlatforms) = postSolution
		{AA40BAC9-ED56-401C-A8D2-2C1697A5897C}.Debug|Any CPU.ActiveCfg = Debug|Any CPU
		{AA40BAC9-ED56-401C-A8D2-2C1697A5897C}.Debug|Any CPU.Build.0 = Debug|Any CPU
		{AA40BAC9-ED56-401C-A8D2-2C1697A5897C}.Release|Any CPU.ActiveCfg = Release|Any CPU
		{AA40BAC9-ED56-401C-A8D2-2C1697A5897C}.Release|Any CPU.Build.0 = Release|Any CPU
	EndGlobalSection
EndGlobal
