
Microsoft Visual Studio Solution File, Format Version 12.00
# Visual Studio Version 16
VisualStudioVersion = 16.0.809.7
MinimumVisualStudioVersion = 10.0.40219.1
Project("{FAE04EC0-301F-11D3-BF4B-00C04F79EFBC}") = "Val_Tournaments", "Val_Tournaments\Val_Tournaments.csproj", "{D516F28F-54FE-4596-8EDA-1A39F6CE6B99}"
EndProject
Global
	GlobalSection(SolutionConfigurationPlatforms) = preSolution
		Debug|Any CPU = Debug|Any CPU
		Release|Any CPU = Release|Any CPU
	EndGlobalSection
	GlobalSection(ProjectConfigurationPlatforms) = postSolution
		{D516F28F-54FE-4596-8EDA-1A39F6CE6B99}.Debug|Any CPU.ActiveCfg = Debug|Any CPU
		{D516F28F-54FE-4596-8EDA-1A39F6CE6B99}.Debug|Any CPU.Build.0 = Debug|Any CPU
		{D516F28F-54FE-4596-8EDA-1A39F6CE6B99}.Release|Any CPU.ActiveCfg = Release|Any CPU
		{D516F28F-54FE-4596-8EDA-1A39F6CE6B99}.Release|Any CPU.Build.0 = Release|Any CPU
	EndGlobalSection
	GlobalSection(SolutionProperties) = preSolution
		HideSolutionNode = FALSE
	EndGlobalSection
	GlobalSection(ExtensibilityGlobals) = postSolution
		SolutionGuid = {F7C7225B-6ACA-4E35-867B-16E979E22824}
	EndGlobalSection
EndGlobal
