
Microsoft Visual Studio Solution File, Format Version 12.00
# Visual Studio Version 16
VisualStudioVersion = 16.0.31313.79
MinimumVisualStudioVersion = 10.0.40219.1
Project("{FAE04EC0-301F-11D3-BF4B-00C04F79EFBC}") = "Teach_Me", "Teach_Me.csproj", "{0F107882-197B-4812-AAEA-4DE5C120FEE9}"
EndProject
Global
	GlobalSection(SolutionConfigurationPlatforms) = preSolution
		Debug|Any CPU = Debug|Any CPU
		Release|Any CPU = Release|Any CPU
	EndGlobalSection
	GlobalSection(ProjectConfigurationPlatforms) = postSolution
		{0F107882-197B-4812-AAEA-4DE5C120FEE9}.Debug|Any CPU.ActiveCfg = Debug|Any CPU
		{0F107882-197B-4812-AAEA-4DE5C120FEE9}.Debug|Any CPU.Build.0 = Debug|Any CPU
		{0F107882-197B-4812-AAEA-4DE5C120FEE9}.Release|Any CPU.ActiveCfg = Release|Any CPU
		{0F107882-197B-4812-AAEA-4DE5C120FEE9}.Release|Any CPU.Build.0 = Release|Any CPU
	EndGlobalSection
	GlobalSection(SolutionProperties) = preSolution
		HideSolutionNode = FALSE
	EndGlobalSection
	GlobalSection(ExtensibilityGlobals) = postSolution
		SolutionGuid = {1B9D0E2A-96D0-4136-AA12-2ACB4AF88920}
	EndGlobalSection
EndGlobal
