
Microsoft Visual Studio Solution File, Format Version 12.00
# Visual Studio Version 16
VisualStudioVersion = 16.0.31321.278
MinimumVisualStudioVersion = 10.0.40219.1
Project("{FAE04EC0-301F-11D3-BF4B-00C04F79EFBC}") = "Project01.NET", "Project01.NET.csproj", "{5FCAB5B6-B38A-40E1-841A-7B38C9B66818}"
EndProject
Global
	GlobalSection(SolutionConfigurationPlatforms) = preSolution
		Debug|Any CPU = Debug|Any CPU
		Release|Any CPU = Release|Any CPU
	EndGlobalSection
	GlobalSection(ProjectConfigurationPlatforms) = postSolution
		{5FCAB5B6-B38A-40E1-841A-7B38C9B66818}.Debug|Any CPU.ActiveCfg = Debug|Any CPU
		{5FCAB5B6-B38A-40E1-841A-7B38C9B66818}.Debug|Any CPU.Build.0 = Debug|Any CPU
		{5FCAB5B6-B38A-40E1-841A-7B38C9B66818}.Release|Any CPU.ActiveCfg = Release|Any CPU
		{5FCAB5B6-B38A-40E1-841A-7B38C9B66818}.Release|Any CPU.Build.0 = Release|Any CPU
	EndGlobalSection
	GlobalSection(SolutionProperties) = preSolution
		HideSolutionNode = FALSE
	EndGlobalSection
	GlobalSection(ExtensibilityGlobals) = postSolution
		SolutionGuid = {1E12B005-8D4F-4E8F-9736-C0D144FE8525}
	EndGlobalSection
EndGlobal
