
Microsoft Visual Studio Solution File, Format Version 12.00
# Visual Studio Version 16
VisualStudioVersion = 16.0.31205.134
MinimumVisualStudioVersion = 10.0.40219.1
Project("{FAE04EC0-301F-11D3-BF4B-00C04F79EFBC}") = "RickAndMorty", "RickAndMorty\RickAndMorty.csproj", "{0715C3EE-D0F0-4195-9D5C-F869A92F52B5}"
EndProject
Global
	GlobalSection(SolutionConfigurationPlatforms) = preSolution
		Debug|Any CPU = Debug|Any CPU
		Release|Any CPU = Release|Any CPU
	EndGlobalSection
	GlobalSection(ProjectConfigurationPlatforms) = postSolution
		{0715C3EE-D0F0-4195-9D5C-F869A92F52B5}.Debug|Any CPU.ActiveCfg = Debug|Any CPU
		{0715C3EE-D0F0-4195-9D5C-F869A92F52B5}.Debug|Any CPU.Build.0 = Debug|Any CPU
		{0715C3EE-D0F0-4195-9D5C-F869A92F52B5}.Release|Any CPU.ActiveCfg = Release|Any CPU
		{0715C3EE-D0F0-4195-9D5C-F869A92F52B5}.Release|Any CPU.Build.0 = Release|Any CPU
	EndGlobalSection
	GlobalSection(SolutionProperties) = preSolution
		HideSolutionNode = FALSE
	EndGlobalSection
	GlobalSection(ExtensibilityGlobals) = postSolution
		SolutionGuid = {0209C9F9-2E74-49D2-A045-7B3FC28BA86C}
	EndGlobalSection
EndGlobal
