
Microsoft Visual Studio Solution File, Format Version 12.00
# Visual Studio Version 16
VisualStudioVersion = 16.0.31313.79
MinimumVisualStudioVersion = 10.0.40219.1
Project("{FAE04EC0-301F-11D3-BF4B-00C04F79EFBC}") = "Shopping", "Shopping\Shopping.csproj", "{BA1A5122-550E-44DC-BE48-4EA740E9BB72}"
EndProject
Global
	GlobalSection(SolutionConfigurationPlatforms) = preSolution
		Debug|Any CPU = Debug|Any CPU
		Release|Any CPU = Release|Any CPU
	EndGlobalSection
	GlobalSection(ProjectConfigurationPlatforms) = postSolution
		{BA1A5122-550E-44DC-BE48-4EA740E9BB72}.Debug|Any CPU.ActiveCfg = Debug|Any CPU
		{BA1A5122-550E-44DC-BE48-4EA740E9BB72}.Debug|Any CPU.Build.0 = Debug|Any CPU
		{BA1A5122-550E-44DC-BE48-4EA740E9BB72}.Release|Any CPU.ActiveCfg = Release|Any CPU
		{BA1A5122-550E-44DC-BE48-4EA740E9BB72}.Release|Any CPU.Build.0 = Release|Any CPU
	EndGlobalSection
	GlobalSection(SolutionProperties) = preSolution
		HideSolutionNode = FALSE
	EndGlobalSection
	GlobalSection(ExtensibilityGlobals) = postSolution
		SolutionGuid = {0E40344C-81CA-427F-B232-C07E5234F29F}
	EndGlobalSection
EndGlobal
