
Microsoft Visual Studio Solution File, Format Version 12.00
# Visual Studio Version 16
VisualStudioVersion = 16.0.31321.278
MinimumVisualStudioVersion = 10.0.40219.1
Project("{FAE04EC0-301F-11D3-BF4B-00C04F79EFBC}") = "HealthChoice", "HealthChoice\HealthChoice.csproj", "{613B2ED9-698E-44AA-B001-4BB4051A0E99}"
EndProject
Global
	GlobalSection(SolutionConfigurationPlatforms) = preSolution
		Debug|Any CPU = Debug|Any CPU
		Release|Any CPU = Release|Any CPU
	EndGlobalSection
	GlobalSection(ProjectConfigurationPlatforms) = postSolution
		{613B2ED9-698E-44AA-B001-4BB4051A0E99}.Debug|Any CPU.ActiveCfg = Debug|Any CPU
		{613B2ED9-698E-44AA-B001-4BB4051A0E99}.Debug|Any CPU.Build.0 = Debug|Any CPU
		{613B2ED9-698E-44AA-B001-4BB4051A0E99}.Release|Any CPU.ActiveCfg = Release|Any CPU
		{613B2ED9-698E-44AA-B001-4BB4051A0E99}.Release|Any CPU.Build.0 = Release|Any CPU
	EndGlobalSection
	GlobalSection(SolutionProperties) = preSolution
		HideSolutionNode = FALSE
	EndGlobalSection
	GlobalSection(ExtensibilityGlobals) = postSolution
		SolutionGuid = {F9DF9827-5D0F-4257-B230-8D69D38748E5}
	EndGlobalSection
EndGlobal
