
Microsoft Visual Studio Solution File, Format Version 12.00
# Visual Studio Version 16
VisualStudioVersion = 16.0.31313.79
MinimumVisualStudioVersion = 10.0.40219.1
Project("{9A19103F-16F7-4668-BE54-9A1E7A4F7556}") = "StoreProject", "StoreProject\StoreProject.csproj", "{BA9FF8CA-8AFB-438A-8589-1676D5BA718A}"
EndProject
Global
	GlobalSection(SolutionConfigurationPlatforms) = preSolution
		Debug|Any CPU = Debug|Any CPU
		Release|Any CPU = Release|Any CPU
	EndGlobalSection
	GlobalSection(ProjectConfigurationPlatforms) = postSolution
		{BA9FF8CA-8AFB-438A-8589-1676D5BA718A}.Debug|Any CPU.ActiveCfg = Debug|Any CPU
		{BA9FF8CA-8AFB-438A-8589-1676D5BA718A}.Debug|Any CPU.Build.0 = Debug|Any CPU
		{BA9FF8CA-8AFB-438A-8589-1676D5BA718A}.Release|Any CPU.ActiveCfg = Release|Any CPU
		{BA9FF8CA-8AFB-438A-8589-1676D5BA718A}.Release|Any CPU.Build.0 = Release|Any CPU
	EndGlobalSection
	GlobalSection(SolutionProperties) = preSolution
		HideSolutionNode = FALSE
	EndGlobalSection
	GlobalSection(ExtensibilityGlobals) = postSolution
		SolutionGuid = {9DEE2207-E554-4D64-A61A-60D44AF66393}
	EndGlobalSection
EndGlobal
