
Microsoft Visual Studio Solution File, Format Version 12.00
# Visual Studio Version 16
VisualStudioVersion = 16.0.31313.79
MinimumVisualStudioVersion = 10.0.40219.1
Project("{FAE04EC0-301F-11D3-BF4B-00C04F79EFBC}") = "Clothes_Store", "Clothes_Store\Clothes_Store.csproj", "{993BFAEC-4E9F-4821-93D1-0C75142BA9CC}"
EndProject
Global
	GlobalSection(SolutionConfigurationPlatforms) = preSolution
		Debug|Any CPU = Debug|Any CPU
		Release|Any CPU = Release|Any CPU
	EndGlobalSection
	GlobalSection(ProjectConfigurationPlatforms) = postSolution
		{993BFAEC-4E9F-4821-93D1-0C75142BA9CC}.Debug|Any CPU.ActiveCfg = Debug|Any CPU
		{993BFAEC-4E9F-4821-93D1-0C75142BA9CC}.Debug|Any CPU.Build.0 = Debug|Any CPU
		{993BFAEC-4E9F-4821-93D1-0C75142BA9CC}.Release|Any CPU.ActiveCfg = Release|Any CPU
		{993BFAEC-4E9F-4821-93D1-0C75142BA9CC}.Release|Any CPU.Build.0 = Release|Any CPU
	EndGlobalSection
	GlobalSection(SolutionProperties) = preSolution
		HideSolutionNode = FALSE
	EndGlobalSection
	GlobalSection(ExtensibilityGlobals) = postSolution
		SolutionGuid = {C1C4CAD6-400D-4F45-AD9A-5A1FC0F813F0}
	EndGlobalSection
EndGlobal
