
Microsoft Visual Studio Solution File, Format Version 12.00
Project("{FAE04EC0-301F-11D3-BF4B-00C04F79EFBC}") = "ARTT", "ARTT\ARTT.csproj", "{9B1E5DCA-9439-439B-9F07-6F72B0850091}"
EndProject
Global
	GlobalSection(SolutionConfigurationPlatforms) = preSolution
		Debug|Any CPU = Debug|Any CPU
		Release|Any CPU = Release|Any CPU
	EndGlobalSection
	GlobalSection(ProjectConfigurationPlatforms) = postSolution
		{9B1E5DCA-9439-439B-9F07-6F72B0850091}.Debug|Any CPU.ActiveCfg = Debug|Any CPU
		{9B1E5DCA-9439-439B-9F07-6F72B0850091}.Debug|Any CPU.Build.0 = Debug|Any CPU
		{9B1E5DCA-9439-439B-9F07-6F72B0850091}.Release|Any CPU.ActiveCfg = Release|Any CPU
		{9B1E5DCA-9439-439B-9F07-6F72B0850091}.Release|Any CPU.Build.0 = Release|Any CPU
	EndGlobalSection
EndGlobal
