
Microsoft Visual Studio Solution File, Format Version 12.00
# Visual Studio Version 16
VisualStudioVersion = 16.0.31129.286
MinimumVisualStudioVersion = 10.0.40219.1
Project("{FAE04EC0-301F-11D3-BF4B-00C04F79EFBC}") = "project01", "project01\project01.csproj", "{E69439B3-EC76-45C6-9F7A-3D982C946B54}"
EndProject
Global
	GlobalSection(SolutionConfigurationPlatforms) = preSolution
		Debug|Any CPU = Debug|Any CPU
		Release|Any CPU = Release|Any CPU
	EndGlobalSection
	GlobalSection(ProjectConfigurationPlatforms) = postSolution
		{E69439B3-EC76-45C6-9F7A-3D982C946B54}.Debug|Any CPU.ActiveCfg = Debug|Any CPU
		{E69439B3-EC76-45C6-9F7A-3D982C946B54}.Debug|Any CPU.Build.0 = Debug|Any CPU
		{E69439B3-EC76-45C6-9F7A-3D982C946B54}.Release|Any CPU.ActiveCfg = Release|Any CPU
		{E69439B3-EC76-45C6-9F7A-3D982C946B54}.Release|Any CPU.Build.0 = Release|Any CPU
	EndGlobalSection
	GlobalSection(SolutionProperties) = preSolution
		HideSolutionNode = FALSE
	EndGlobalSection
	GlobalSection(ExtensibilityGlobals) = postSolution
		SolutionGuid = {B670C941-3850-490B-891E-E6588B7D21CB}
	EndGlobalSection
EndGlobal
